
Microsoft Visual Studio Solution File, Format Version 12.00
# Visual Studio 2013
VisualStudioVersion = 12.0.21005.1
MinimumVisualStudioVersion = 10.0.40219.1
Project("{8BC9CEB8-8B4A-11D0-8D11-00A0C91BC942}") = "面试题11：数值的整数次方", "面试题11：数值的整数次方\面试题11：数值的整数次方.vcxproj", "{FE436988-EDB5-4865-AC9B-97A61D088D3A}"
EndProject
Global
	GlobalSection(SolutionConfigurationPlatforms) = preSolution
		Debug|Win32 = Debug|Win32
		Release|Win32 = Release|Win32
	EndGlobalSection
	GlobalSection(ProjectConfigurationPlatforms) = postSolution
		{FE436988-EDB5-4865-AC9B-97A61D088D3A}.Debug|Win32.ActiveCfg = Debug|Win32
		{FE436988-EDB5-4865-AC9B-97A61D088D3A}.Debug|Win32.Build.0 = Debug|Win32
		{FE436988-EDB5-4865-AC9B-97A61D088D3A}.Release|Win32.ActiveCfg = Release|Win32
		{FE436988-EDB5-4865-AC9B-97A61D088D3A}.Release|Win32.Build.0 = Release|Win32
	EndGlobalSection
	GlobalSection(SolutionProperties) = preSolution
		HideSolutionNode = FALSE
	EndGlobalSection
EndGlobal
